{
  "name": "agaseke-comms",
  "version": "0.0.1",
  "lockfileVersion": 3,
  "requires": true,
  "packages": {
    "": {
      "name": "agaseke-comms",
      "version": "0.0.1",
      "dependencies": {
        "jose": "^5.10.0"
      },
      "devDependencies": {
        "@cloudflare/workers-types": "^5.20260706.1"
      }
    },
    "node_modules/@cloudflare/workers-types": {
      "version": "5.20260708.1",
      "resolved": "https://registry.npmjs.org/@cloudflare/workers-types/-/workers-types-5.20260708.1.tgz",
      "integrity": "sha512-FSRyCsxALKmmNnk/2HMkTiX9Iz9yqTiTWX/BJZdffGznMSunXmQgb3mKy9wGBX2BCTLOuRYWL36uh7/3Gm05Eg==",
      "dev": true,
      "license": "MIT OR Apache-2.0"
    },
    "node_modules/jose": {
      "version": "5.10.0",
      "resolved": "https://registry.npmjs.org/jose/-/jose-5.10.0.tgz",
      "integrity": "sha512-s+3Al/p9g32Iq+oqXxkW//7jk2Vig6FF1CFqzVXoTUXt2qz89YWbL+OwS17NFYEvxC35n0FKeGO2LGYSxeM2Gg==",
      "license": "MIT",
      "funding": {
        "url": "https://github.com/sponsors/panva"
      }
    }
  }
}
